
Microsoft Visual Studio Solution File, Format Version 12.00
# Visual Studio Version 18
VisualStudioVersion = 18.0.11012.119 d18.0
MinimumVisualStudioVersion = 10.0.40219.1
Project("{2150E333-8FDC-42A3-9474-1A3956D46DE8}") = "Solution Items", "Solution Items", "{83631F66-9D9F-402C-ACC3-A9CFEE08CC49}"
	ProjectSection(SolutionItems) = preProject
		.editorconfig = .editorconfig
	EndProjectSection
EndProject
Project("{D954291E-2A0B-460D-934E-DC6B0785DB48}") = "CXE.CoreFx", "CXE.CoreFx\CXE.CoreFx.shproj", "{948FC72F-26F1-412D-BDEA-0AFF8F67B306}"
EndProject
Project("{D954291E-2A0B-460D-934E-DC6B0785DB48}") = "CXE.CoreFx.Plugin", "CXE.CoreFx.Plugin\CXE.CoreFx.Plugin.shproj", "{24DDFDD6-06DB-4991-AE2C-5C78AC68B98C}"
EndProject
Project("{FAE04EC0-301F-11D3-BF4B-00C04F79EFBC}") = "CXE.CoreFx.Generators", "CXE.CoreFx.Generators\CXE.CoreFx.Generators.csproj", "{285378B0-E4EA-7FC0-5208-D966D76B731C}"
EndProject
Global
	GlobalSection(SolutionConfigurationPlatforms) = preSolution
		Debug|Any CPU = Debug|Any CPU
		Debug|arm64 = Debug|arm64
		Debug|x86 = Debug|x86
		Release|Any CPU = Release|Any CPU
		Release|arm64 = Release|arm64
		Release|x86 = Release|x86
	EndGlobalSection
	GlobalSection(ProjectConfigurationPlatforms) = postSolution
		{285378B0-E4EA-7FC0-5208-D966D76B731C}.Debug|Any CPU.ActiveCfg = Debug|Any CPU
		{285378B0-E4EA-7FC0-5208-D966D76B731C}.Debug|Any CPU.Build.0 = Debug|Any CPU
		{285378B0-E4EA-7FC0-5208-D966D76B731C}.Debug|arm64.ActiveCfg = Debug|Any CPU
		{285378B0-E4EA-7FC0-5208-D966D76B731C}.Debug|arm64.Build.0 = Debug|Any CPU
		{285378B0-E4EA-7FC0-5208-D966D76B731C}.Debug|x86.ActiveCfg = Debug|Any CPU
		{285378B0-E4EA-7FC0-5208-D966D76B731C}.Debug|x86.Build.0 = Debug|Any CPU
		{285378B0-E4EA-7FC0-5208-D966D76B731C}.Release|Any CPU.ActiveCfg = Release|Any CPU
		{285378B0-E4EA-7FC0-5208-D966D76B731C}.Release|Any CPU.Build.0 = Release|Any CPU
		{285378B0-E4EA-7FC0-5208-D966D76B731C}.Release|arm64.ActiveCfg = Release|Any CPU
		{285378B0-E4EA-7FC0-5208-D966D76B731C}.Release|arm64.Build.0 = Release|Any CPU
		{285378B0-E4EA-7FC0-5208-D966D76B731C}.Release|x86.ActiveCfg = Release|Any CPU
		{285378B0-E4EA-7FC0-5208-D966D76B731C}.Release|x86.Build.0 = Release|Any CPU
	EndGlobalSection
	GlobalSection(SolutionProperties) = preSolution
		HideSolutionNode = FALSE
	EndGlobalSection
	GlobalSection(ExtensibilityGlobals) = postSolution
		SolutionGuid = {D34F7556-690A-4A2A-8239-8D9C28B5BB4E}
	EndGlobalSection
	GlobalSection(SharedMSBuildProjectFiles) = preSolution
		CXE.CoreFx.Plugin\CXE.CoreFx.Plugin.projitems*{24ddfdd6-06db-4991-ae2c-5c78ac68b98c}*SharedItemsImports = 13
		CXE.CoreFx\CXE.CoreFx.projitems*{948fc72f-26f1-412d-bdea-0aff8f67b306}*SharedItemsImports = 13
	EndGlobalSection
	GlobalSection(CRMSolutionProperties) = preSolution
		SolutionIsBoundToCRM = True
	EndGlobalSection
EndGlobal
